// !$*UTF8*$!
{
	archiveVersion = 1;
	classes = {
	};
	objectVersion = 56;
	objects = {

/* Begin PBXBuildFile section */
		A704A0D82A54463700B82B90 /* Launch Screen.storyboard in Resources */ = {isa = PBXBuildFile; fileRef = A704A0D72A54463700B82B90 /* Launch Screen.storyboard */; };
		A72CD26A2973572B006B48BD /* CashFundView.swift in Sources */ = {isa = PBXBuildFile; fileRef = A72CD2692973572B006B48BD /* CashFundView.swift */; };
		A72CD26C297358DC006B48BD /* CashRegisterView.swift in Sources */ = {isa = PBXBuildFile; fileRef = A72CD26B297358DC006B48BD /* CashRegisterView.swift */; };
		A72CD2772974B3F5006B48BD /* CashFundViewModel.swift in Sources */ = {isa = PBXBuildFile; fileRef = A72CD2762974B3F5006B48BD /* CashFundViewModel.swift */; };
		A74A019F29785B2500E1FD5A /* CashRegisterViewModel.swift in Sources */ = {isa = PBXBuildFile; fileRef = A74A019E29785B2500E1FD5A /* CashRegisterViewModel.swift */; };
		A790373B29899748005EC365 /* NavigationLinkLabel.swift in Sources */ = {isa = PBXBuildFile; fileRef = A790373A29899748005EC365 /* NavigationLinkLabel.swift */; };
		A79A2E572972069C00C1CEFB /* CountTheCashAppApp.swift in Sources */ = {isa = PBXBuildFile; fileRef = A79A2E562972069C00C1CEFB /* CountTheCashAppApp.swift */; };
		A79A2E592972069C00C1CEFB /* App.swift in Sources */ = {isa = PBXBuildFile; fileRef = A79A2E582972069C00C1CEFB /* App.swift */; };
		A79A2E5B2972069E00C1CEFB /* Assets.xcassets in Resources */ = {isa = PBXBuildFile; fileRef = A79A2E5A2972069E00C1CEFB /* Assets.xcassets */; };
		A79A2E5E2972069E00C1CEFB /* Preview Assets.xcassets in Resources */ = {isa = PBXBuildFile; fileRef = A79A2E5D2972069E00C1CEFB /* Preview Assets.xcassets */; };
		A79E84CF29A58D910068D95A /* CoinsModel.swift in Sources */ = {isa = PBXBuildFile; fileRef = A79E84CE29A58D910068D95A /* CoinsModel.swift */; };
		A79E84D129A58DBD0068D95A /* BillsModel.swift in Sources */ = {isa = PBXBuildFile; fileRef = A79E84D029A58DBD0068D95A /* BillsModel.swift */; };
		A79E84D529A58F3D0068D95A /* AdditionResults.swift in Sources */ = {isa = PBXBuildFile; fileRef = A79E84D429A58F3D0068D95A /* AdditionResults.swift */; };
		A7CA7F272A28D30C0000C983 /* HomeView.swift in Sources */ = {isa = PBXBuildFile; fileRef = A7CA7F262A28D30C0000C983 /* HomeView.swift */; };
		A7DFC5412A51B0F40028229B /* BackgroundHomeView.swift in Sources */ = {isa = PBXBuildFile; fileRef = A7DFC5402A51B0F40028229B /* BackgroundHomeView.swift */; };
		A7E84D592A3B4E4B00C1B6EF /* FooterCashFundView.swift in Sources */ = {isa = PBXBuildFile; fileRef = A7E84D582A3B4E4B00C1B6EF /* FooterCashFundView.swift */; };
		A7E84D5B2A3B4FBD00C1B6EF /* FooterCashRegister.swift in Sources */ = {isa = PBXBuildFile; fileRef = A7E84D5A2A3B4FBD00C1B6EF /* FooterCashRegister.swift */; };
/* End PBXBuildFile section */

/* Begin PBXFileReference section */
		A704A0D72A54463700B82B90 /* Launch Screen.storyboard */ = {isa = PBXFileReference; lastKnownFileType = file.storyboard; path = "Launch Screen.storyboard"; sourceTree = "<group>"; };
		A72CD2692973572B006B48BD /* CashFundView.swift */ = {isa = PBXFileReference; lastKnownFileType = sourcecode.swift; path = CashFundView.swift; sourceTree = "<group>"; };
		A72CD26B297358DC006B48BD /* CashRegisterView.swift */ = {isa = PBXFileReference; lastKnownFileType = sourcecode.swift; path = CashRegisterView.swift; sourceTree = "<group>"; };
		A72CD2762974B3F5006B48BD /* CashFundViewModel.swift */ = {isa = PBXFileReference; lastKnownFileType = sourcecode.swift; path = CashFundViewModel.swift; sourceTree = "<group>"; };
		A74A019E29785B2500E1FD5A /* CashRegisterViewModel.swift */ = {isa = PBXFileReference; lastKnownFileType = sourcecode.swift; path = CashRegisterViewModel.swift; sourceTree = "<group>"; };
		A790373A29899748005EC365 /* NavigationLinkLabel.swift */ = {isa = PBXFileReference; lastKnownFileType = sourcecode.swift; path = NavigationLinkLabel.swift; sourceTree = "<group>"; };
		A79A2E532972069C00C1CEFB /* CountTheCashApp.app */ = {isa = PBXFileReference; explicitFileType = wrapper.application; includeInIndex = 0; path = CountTheCashApp.app; sourceTree = BUILT_PRODUCTS_DIR; };
		A79A2E562972069C00C1CEFB /* CountTheCashAppApp.swift */ = {isa = PBXFileReference; lastKnownFileType = sourcecode.swift; path = CountTheCashAppApp.swift; sourceTree = "<group>"; };
		A79A2E582972069C00C1CEFB /* App.swift */ = {isa = PBXFileReference; lastKnownFileType = sourcecode.swift; path = App.swift; sourceTree = "<group>"; };
		A79A2E5A2972069E00C1CEFB /* Assets.xcassets */ = {isa = PBXFileReference; lastKnownFileType = folder.assetcatalog; path = Assets.xcassets; sourceTree = "<group>"; };
		A79A2E5D2972069E00C1CEFB /* Preview Assets.xcassets */ = {isa = PBXFileReference; lastKnownFileType = folder.assetcatalog; path = "Preview Assets.xcassets"; sourceTree = "<group>"; };
		A79E84CE29A58D910068D95A /* CoinsModel.swift */ = {isa = PBXFileReference; lastKnownFileType = sourcecode.swift; path = CoinsModel.swift; sourceTree = "<group>"; };
		A79E84D029A58DBD0068D95A /* BillsModel.swift */ = {isa = PBXFileReference; lastKnownFileType = sourcecode.swift; path = BillsModel.swift; sourceTree = "<group>"; };
		A79E84D429A58F3D0068D95A /* AdditionResults.swift */ = {isa = PBXFileReference; lastKnownFileType = sourcecode.swift; path = AdditionResults.swift; sourceTree = "<group>"; };
		A7CA7F262A28D30C0000C983 /* HomeView.swift */ = {isa = PBXFileReference; lastKnownFileType = sourcecode.swift; path = HomeView.swift; sourceTree = "<group>"; };
		A7DFC5402A51B0F40028229B /* BackgroundHomeView.swift */ = {isa = PBXFileReference; lastKnownFileType = sourcecode.swift; path = BackgroundHomeView.swift; sourceTree = "<group>"; };
		A7E84D582A3B4E4B00C1B6EF /* FooterCashFundView.swift */ = {isa = PBXFileReference; lastKnownFileType = sourcecode.swift; path = FooterCashFundView.swift; sourceTree = "<group>"; };
		A7E84D5A2A3B4FBD00C1B6EF /* FooterCashRegister.swift */ = {isa = PBXFileReference; lastKnownFileType = sourcecode.swift; path = FooterCashRegister.swift; sourceTree = "<group>"; };
/* End PBXFileReference section */

/* Begin PBXFrameworksBuildPhase section */
		A79A2E502972069C00C1CEFB /* Frameworks */ = {
			isa = PBXFrameworksBuildPhase;
			buildActionMask = 2147483647;
			files = (
			);
			runOnlyForDeploymentPostprocessing = 0;
		};
/* End PBXFrameworksBuildPhase section */

/* Begin PBXGroup section */
		A72CD268297356F3006B48BD /* Views */ = {
			isa = PBXGroup;
			children = (
				A72CD26D297364BC006B48BD /* Components */,
				A72CD2692973572B006B48BD /* CashFundView.swift */,
				A72CD26B297358DC006B48BD /* CashRegisterView.swift */,
				A7CA7F262A28D30C0000C983 /* HomeView.swift */,
			);
			path = Views;
			sourceTree = "<group>";
		};
		A72CD26D297364BC006B48BD /* Components */ = {
			isa = PBXGroup;
			children = (
				A790373A29899748005EC365 /* NavigationLinkLabel.swift */,
				A7E84D582A3B4E4B00C1B6EF /* FooterCashFundView.swift */,
				A7E84D5A2A3B4FBD00C1B6EF /* FooterCashRegister.swift */,
				A7DFC5402A51B0F40028229B /* BackgroundHomeView.swift */,
			);
			path = Components;
			sourceTree = "<group>";
		};
		A72CD2752974B3B9006B48BD /* ViewModel */ = {
			isa = PBXGroup;
			children = (
				A72CD2762974B3F5006B48BD /* CashFundViewModel.swift */,
				A74A019E29785B2500E1FD5A /* CashRegisterViewModel.swift */,
			);
			path = ViewModel;
			sourceTree = "<group>";
		};
		A76F1DD629B7AFC70013396B /* Frameworks */ = {
			isa = PBXGroup;
			children = (
			);
			name = Frameworks;
			sourceTree = "<group>";
		};
		A79A2E4A2972069C00C1CEFB = {
			isa = PBXGroup;
			children = (
				A704A0D72A54463700B82B90 /* Launch Screen.storyboard */,
				A79A2E552972069C00C1CEFB /* CountTheCashApp */,
				A79A2E542972069C00C1CEFB /* Products */,
				A76F1DD629B7AFC70013396B /* Frameworks */,
			);
			sourceTree = "<group>";
		};
		A79A2E542972069C00C1CEFB /* Products */ = {
			isa = PBXGroup;
			children = (
				A79A2E532972069C00C1CEFB /* CountTheCashApp.app */,
			);
			name = Products;
			sourceTree = "<group>";
		};
		A79A2E552972069C00C1CEFB /* CountTheCashApp */ = {
			isa = PBXGroup;
			children = (
				A79E84CD29A58D750068D95A /* Model */,
				A72CD2752974B3B9006B48BD /* ViewModel */,
				A72CD268297356F3006B48BD /* Views */,
				A79A2E562972069C00C1CEFB /* CountTheCashAppApp.swift */,
				A79A2E582972069C00C1CEFB /* App.swift */,
				A79A2E5A2972069E00C1CEFB /* Assets.xcassets */,
				A79A2E5C2972069E00C1CEFB /* Preview Content */,
			);
			path = CountTheCashApp;
			sourceTree = "<group>";
		};
		A79A2E5C2972069E00C1CEFB /* Preview Content */ = {
			isa = PBXGroup;
			children = (
				A79A2E5D2972069E00C1CEFB /* Preview Assets.xcassets */,
			);
			path = "Preview Content";
			sourceTree = "<group>";
		};
		A79E84CD29A58D750068D95A /* Model */ = {
			isa = PBXGroup;
			children = (
				A79E84D229A58EB60068D95A /* CashFundModel */,
			);
			path = Model;
			sourceTree = "<group>";
		};
		A79E84D229A58EB60068D95A /* CashFundModel */ = {
			isa = PBXGroup;
			children = (
				A79E84D429A58F3D0068D95A /* AdditionResults.swift */,
				A79E84CE29A58D910068D95A /* CoinsModel.swift */,
				A79E84D029A58DBD0068D95A /* BillsModel.swift */,
			);
			path = CashFundModel;
			sourceTree = "<group>";
		};
/* End PBXGroup section */

/* Begin PBXNativeTarget section */
		A79A2E522972069C00C1CEFB /* CountTheCashApp */ = {
			isa = PBXNativeTarget;
			buildConfigurationList = A79A2E612972069E00C1CEFB /* Build configuration list for PBXNativeTarget "CountTheCashApp" */;
			buildPhases = (
				A79A2E4F2972069C00C1CEFB /* Sources */,
				A79A2E502972069C00C1CEFB /* Frameworks */,
				A79A2E512972069C00C1CEFB /* Resources */,
			);
			buildRules = (
			);
			dependencies = (
			);
			name = CountTheCashApp;
			packageProductDependencies = (
			);
			productName = CountTheCashApp;
			productReference = A79A2E532972069C00C1CEFB /* CountTheCashApp.app */;
			productType = "com.apple.product-type.application";
		};
/* End PBXNativeTarget section */

/* Begin PBXProject section */
		A79A2E4B2972069C00C1CEFB /* Project object */ = {
			isa = PBXProject;
			attributes = {
				BuildIndependentTargetsInParallel = 1;
				LastSwiftUpdateCheck = 1420;
				LastUpgradeCheck = 1500;
				TargetAttributes = {
					A79A2E522972069C00C1CEFB = {
						CreatedOnToolsVersion = 14.2;
					};
				};
			};
			buildConfigurationList = A79A2E4E2972069C00C1CEFB /* Build configuration list for PBXProject "CountTheCashApp" */;
			compatibilityVersion = "Xcode 14.0";
			developmentRegion = fr;
			hasScannedForEncodings = 0;
			knownRegions = (
				fr,
				Base,
			);
			mainGroup = A79A2E4A2972069C00C1CEFB;
			packageReferences = (
			);
			productRefGroup = A79A2E542972069C00C1CEFB /* Products */;
			projectDirPath = "";
			projectRoot = "";
			targets = (
				A79A2E522972069C00C1CEFB /* CountTheCashApp */,
			);
		};
/* End PBXProject section */

/* Begin PBXResourcesBuildPhase section */
		A79A2E512972069C00C1CEFB /* Resources */ = {
			isa = PBXResourcesBuildPhase;
			buildActionMask = 2147483647;
			files = (
				A704A0D82A54463700B82B90 /* Launch Screen.storyboard in Resources */,
				A79A2E5E2972069E00C1CEFB /* Preview Assets.xcassets in Resources */,
				A79A2E5B2972069E00C1CEFB /* Assets.xcassets in Resources */,
			);
			runOnlyForDeploymentPostprocessing = 0;
		};
/* End PBXResourcesBuildPhase section */

/* Begin PBXSourcesBuildPhase section */
		A79A2E4F2972069C00C1CEFB /* Sources */ = {
			isa = PBXSourcesBuildPhase;
			buildActionMask = 2147483647;
			files = (
				A79E84CF29A58D910068D95A /* CoinsModel.swift in Sources */,
				A7E84D592A3B4E4B00C1B6EF /* FooterCashFundView.swift in Sources */,
				A72CD26C297358DC006B48BD /* CashRegisterView.swift in Sources */,
				A7CA7F272A28D30C0000C983 /* HomeView.swift in Sources */,
				A79E84D129A58DBD0068D95A /* BillsModel.swift in Sources */,
				A74A019F29785B2500E1FD5A /* CashRegisterViewModel.swift in Sources */,
				A79A2E592972069C00C1CEFB /* App.swift in Sources */,
				A7DFC5412A51B0F40028229B /* BackgroundHomeView.swift in Sources */,
				A72CD26A2973572B006B48BD /* CashFundView.swift in Sources */,
				A79A2E572972069C00C1CEFB /* CountTheCashAppApp.swift in Sources */,
				A7E84D5B2A3B4FBD00C1B6EF /* FooterCashRegister.swift in Sources */,
				A79E84D529A58F3D0068D95A /* AdditionResults.swift in Sources */,
				A790373B29899748005EC365 /* NavigationLinkLabel.swift in Sources */,
				A72CD2772974B3F5006B48BD /* CashFundViewModel.swift in Sources */,
			);
			runOnlyForDeploymentPostprocessing = 0;
		};
/* End PBXSourcesBuildPhase section */

/* Begin XCBuildConfiguration section */
		A79A2E5F2972069E00C1CEFB /* Debug */ = {
			isa = XCBuildConfiguration;
			buildSettings = {
				ALWAYS_SEARCH_USER_PATHS = NO;
				CLANG_ANALYZER_LOCALIZABILITY_NONLOCALIZED = YES;
				CLANG_ANALYZER_NONNULL = YES;
				CLANG_ANALYZER_NUMBER_OBJECT_CONVERSION = YES_AGGRESSIVE;
				CLANG_CXX_LANGUAGE_STANDARD = "gnu++20";
				CLANG_ENABLE_MODULES = YES;
				CLANG_ENABLE_OBJC_ARC = YES;
				CLANG_ENABLE_OBJC_WEAK = YES;
				CLANG_WARN_BLOCK_CAPTURE_AUTORELEASING = YES;
				CLANG_WARN_BOOL_CONVERSION = YES;
				CLANG_WARN_COMMA = YES;
				CLANG_WARN_CONSTANT_CONVERSION = YES;
				CLANG_WARN_DEPRECATED_OBJC_IMPLEMENTATIONS = YES;
				CLANG_WARN_DIRECT_OBJC_ISA_USAGE = YES_ERROR;
				CLANG_WARN_DOCUMENTATION_COMMENTS = YES;
				CLANG_WARN_EMPTY_BODY = YES;
				CLANG_WARN_ENUM_CONVERSION = YES;
				CLANG_WARN_INFINITE_RECURSION = YES;
				CLANG_WARN_INT_CONVERSION = YES;
				CLANG_WARN_NON_LITERAL_NULL_CONVERSION = YES;
				CLANG_WARN_OBJC_IMPLICIT_RETAIN_SELF = YES;
				CLANG_WARN_OBJC_LITERAL_CONVERSION = YES;
				CLANG_WARN_OBJC_ROOT_CLASS = YES_ERROR;
				CLANG_WARN_QUOTED_INCLUDE_IN_FRAMEWORK_HEADER = YES;
				CLANG_WARN_RANGE_LOOP_ANALYSIS = YES;
				CLANG_WARN_STRICT_PROTOTYPES = YES;
				CLANG_WARN_SUSPICIOUS_MOVE = YES;
				CLANG_WARN_UNGUARDED_AVAILABILITY = YES_AGGRESSIVE;
				CLANG_WARN_UNREACHABLE_CODE = YES;
				CLANG_WARN__DUPLICATE_METHOD_MATCH = YES;
				COPY_PHASE_STRIP = NO;
				DEBUG_INFORMATION_FORMAT = dwarf;
				ENABLE_STRICT_OBJC_MSGSEND = YES;
				ENABLE_TESTABILITY = YES;
				ENABLE_USER_SCRIPT_SANDBOXING = YES;
				GCC_C_LANGUAGE_STANDARD = gnu11;
				GCC_DYNAMIC_NO_PIC = NO;
				GCC_NO_COMMON_BLOCKS = YES;
				GCC_OPTIMIZATION_LEVEL = 0;
				GCC_PREPROCESSOR_DEFINITIONS = (
					"DEBUG=1",
					"$(inherited)",
				);
				GCC_WARN_64_TO_32_BIT_CONVERSION = YES;
				GCC_WARN_ABOUT_RETURN_TYPE = YES_ERROR;
				GCC_WARN_UNDECLARED_SELECTOR = YES;
				GCC_WARN_UNINITIALIZED_AUTOS = YES_AGGRESSIVE;
				GCC_WARN_UNUSED_FUNCTION = YES;
				GCC_WARN_UNUSED_VARIABLE = YES;
				INFOPLIST_KEY_UILaunchScreen_Generation = NO;
				IPHONEOS_DEPLOYMENT_TARGET = 16.0;
				MTL_ENABLE_DEBUG_INFO = INCLUDE_SOURCE;
				MTL_FAST_MATH = YES;
				ONLY_ACTIVE_ARCH = YES;
				SDKROOT = iphoneos;
				SWIFT_ACTIVE_COMPILATION_CONDITIONS = DEBUG;
				SWIFT_OPTIMIZATION_LEVEL = "-Onone";
			};
			name = Debug;
		};
		A79A2E602972069E00C1CEFB /* Release */ = {
			isa = XCBuildConfiguration;
			buildSettings = {
				ALWAYS_SEARCH_USER_PATHS = NO;
				CLANG_ANALYZER_LOCALIZABILITY_NONLOCALIZED = YES;
				CLANG_ANALYZER_NONNULL = YES;
				CLANG_ANALYZER_NUMBER_OBJECT_CONVERSION = YES_AGGRESSIVE;
				CLANG_CXX_LANGUAGE_STANDARD = "gnu++20";
				CLANG_ENABLE_MODULES = YES;
				CLANG_ENABLE_OBJC_ARC = YES;
				CLANG_ENABLE_OBJC_WEAK = YES;
				CLANG_WARN_BLOCK_CAPTURE_AUTORELEASING = YES;
				CLANG_WARN_BOOL_CONVERSION = YES;
				CLANG_WARN_COMMA = YES;
				CLANG_WARN_CONSTANT_CONVERSION = YES;
				CLANG_WARN_DEPRECATED_OBJC_IMPLEMENTATIONS = YES;
				CLANG_WARN_DIRECT_OBJC_ISA_USAGE = YES_ERROR;
				CLANG_WARN_DOCUMENTATION_COMMENTS = YES;
				CLANG_WARN_EMPTY_BODY = YES;
				CLANG_WARN_ENUM_CONVERSION = YES;
				CLANG_WARN_INFINITE_RECURSION = YES;
				CLANG_WARN_INT_CONVERSION = YES;
				CLANG_WARN_NON_LITERAL_NULL_CONVERSION = YES;
				CLANG_WARN_OBJC_IMPLICIT_RETAIN_SELF = YES;
				CLANG_WARN_OBJC_LITERAL_CONVERSION = YES;
				CLANG_WARN_OBJC_ROOT_CLASS = YES_ERROR;
				CLANG_WARN_QUOTED_INCLUDE_IN_FRAMEWORK_HEADER = YES;
				CLANG_WARN_RANGE_LOOP_ANALYSIS = YES;
				CLANG_WARN_STRICT_PROTOTYPES = YES;
				CLANG_WARN_SUSPICIOUS_MOVE = YES;
				CLANG_WARN_UNGUARDED_AVAILABILITY = YES_AGGRESSIVE;
				CLANG_WARN_UNREACHABLE_CODE = YES;
				CLANG_WARN__DUPLICATE_METHOD_MATCH = YES;
				COPY_PHASE_STRIP = NO;
				DEBUG_INFORMATION_FORMAT = "dwarf-with-dsym";
				ENABLE_NS_ASSERTIONS = NO;
				ENABLE_STRICT_OBJC_MSGSEND = YES;
				ENABLE_USER_SCRIPT_SANDBOXING = YES;
				GCC_C_LANGUAGE_STANDARD = gnu11;
				GCC_NO_COMMON_BLOCKS = YES;
				GCC_WARN_64_TO_32_BIT_CONVERSION = YES;
				GCC_WARN_ABOUT_RETURN_TYPE = YES_ERROR;
				GCC_WARN_UNDECLARED_SELECTOR = YES;
				GCC_WARN_UNINITIALIZED_AUTOS = YES_AGGRESSIVE;
				GCC_WARN_UNUSED_FUNCTION = YES;
				GCC_WARN_UNUSED_VARIABLE = YES;
				INFOPLIST_KEY_UILaunchScreen_Generation = NO;
				IPHONEOS_DEPLOYMENT_TARGET = 16.0;
				MTL_ENABLE_DEBUG_INFO = NO;
				MTL_FAST_MATH = YES;
				SDKROOT = iphoneos;
				SWIFT_COMPILATION_MODE = wholemodule;
				SWIFT_OPTIMIZATION_LEVEL = "-O";
				VALIDATE_PRODUCT = YES;
			};
			name = Release;
		};
		A79A2E622972069E00C1CEFB /* Debug */ = {
			isa = XCBuildConfiguration;
			buildSettings = {
				ASSETCATALOG_COMPILER_APPICON_NAME = AppIcon;
				ASSETCATALOG_COMPILER_GLOBAL_ACCENT_COLOR_NAME = AccentColor;
				ASSETCATALOG_COMPILER_INCLUDE_ALL_APPICON_ASSETS = NO;
				CODE_SIGN_STYLE = Automatic;
				CURRENT_PROJECT_VERSION = 1;
				DEVELOPMENT_ASSET_PATHS = "\"CountTheCashApp/Preview Content\"";
				DEVELOPMENT_TEAM = 6XLSH22S8R;
				ENABLE_PREVIEWS = YES;
				GENERATE_INFOPLIST_FILE = YES;
				INFOPLIST_FILE = CountTheCashApp/Info.plist;
				INFOPLIST_KEY_CFBundleDisplayName = "Compte Ta Caisse";
				INFOPLIST_KEY_LSApplicationCategoryType = "public.app-category.utilities";
				INFOPLIST_KEY_UIApplicationSceneManifest_Generation = YES;
				INFOPLIST_KEY_UIApplicationSupportsIndirectInputEvents = YES;
				INFOPLIST_KEY_UILaunchScreen_Generation = YES;
				INFOPLIST_KEY_UILaunchStoryboardName = "Launch Screen.storyboard";
				INFOPLIST_KEY_UISupportedInterfaceOrientations = UIInterfaceOrientationPortrait;
				INFOPLIST_KEY_UISupportedInterfaceOrientations_iPad = "UIInterfaceOrientationLandscapeLeft UIInterfaceOrientationLandscapeRight UIInterfaceOrientationPortrait UIInterfaceOrientationPortraitUpsideDown";
				INFOPLIST_KEY_UIUserInterfaceStyle = Light;
				IPHONEOS_DEPLOYMENT_TARGET = 16.0;
				LD_RUNPATH_SEARCH_PATHS = (
					"$(inherited)",
					"@executable_path/Frameworks",
				);
				MARKETING_VERSION = 1.0;
				PRODUCT_BUNDLE_IDENTIFIER = "me.cdric-art.CountTheCashApp";
				PRODUCT_NAME = "$(TARGET_NAME)";
				SUPPORTED_PLATFORMS = "iphoneos iphonesimulator";
				SUPPORTS_MACCATALYST = NO;
				SUPPORTS_MAC_DESIGNED_FOR_IPHONE_IPAD = NO;
				SWIFT_EMIT_LOC_STRINGS = YES;
				SWIFT_VERSION = 5.0;
				TARGETED_DEVICE_FAMILY = "1,2";
			};
			name = Debug;
		};
		A79A2E632972069E00C1CEFB /* Release */ = {
			isa = XCBuildConfiguration;
			buildSettings = {
				ASSETCATALOG_COMPILER_APPICON_NAME = AppIcon;
				ASSETCATALOG_COMPILER_GLOBAL_ACCENT_COLOR_NAME = AccentColor;
				ASSETCATALOG_COMPILER_INCLUDE_ALL_APPICON_ASSETS = NO;
				CODE_SIGN_STYLE = Automatic;
				CURRENT_PROJECT_VERSION = 1;
				DEVELOPMENT_ASSET_PATHS = "\"CountTheCashApp/Preview Content\"";
				DEVELOPMENT_TEAM = 6XLSH22S8R;
				ENABLE_PREVIEWS = YES;
				GENERATE_INFOPLIST_FILE = YES;
				INFOPLIST_FILE = CountTheCashApp/Info.plist;
				INFOPLIST_KEY_CFBundleDisplayName = "Compte Ta Caisse";
				INFOPLIST_KEY_LSApplicationCategoryType = "public.app-category.utilities";
				INFOPLIST_KEY_UIApplicationSceneManifest_Generation = YES;
				INFOPLIST_KEY_UIApplicationSupportsIndirectInputEvents = YES;
				INFOPLIST_KEY_UILaunchScreen_Generation = YES;
				INFOPLIST_KEY_UILaunchStoryboardName = "Launch Screen.storyboard";
				INFOPLIST_KEY_UISupportedInterfaceOrientations = UIInterfaceOrientationPortrait;
				INFOPLIST_KEY_UISupportedInterfaceOrientations_iPad = "UIInterfaceOrientationLandscapeLeft UIInterfaceOrientationLandscapeRight UIInterfaceOrientationPortrait UIInterfaceOrientationPortraitUpsideDown";
				INFOPLIST_KEY_UIUserInterfaceStyle = Light;
				IPHONEOS_DEPLOYMENT_TARGET = 16.0;
				LD_RUNPATH_SEARCH_PATHS = (
					"$(inherited)",
					"@executable_path/Frameworks",
				);
				MARKETING_VERSION = 1.0;
				PRODUCT_BUNDLE_IDENTIFIER = "me.cdric-art.CountTheCashApp";
				PRODUCT_NAME = "$(TARGET_NAME)";
				SUPPORTED_PLATFORMS = "iphoneos iphonesimulator";
				SUPPORTS_MACCATALYST = NO;
				SUPPORTS_MAC_DESIGNED_FOR_IPHONE_IPAD = NO;
				SWIFT_EMIT_LOC_STRINGS = YES;
				SWIFT_VERSION = 5.0;
				TARGETED_DEVICE_FAMILY = "1,2";
			};
			name = Release;
		};
/* End XCBuildConfiguration section */

/* Begin XCConfigurationList section */
		A79A2E4E2972069C00C1CEFB /* Build configuration list for PBXProject "CountTheCashApp" */ = {
			isa = XCConfigurationList;
			buildConfigurations = (
				A79A2E5F2972069E00C1CEFB /* Debug */,
				A79A2E602972069E00C1CEFB /* Release */,
			);
			defaultConfigurationIsVisible = 0;
			defaultConfigurationName = Release;
		};
		A79A2E612972069E00C1CEFB /* Build configuration list for PBXNativeTarget "CountTheCashApp" */ = {
			isa = XCConfigurationList;
			buildConfigurations = (
				A79A2E622972069E00C1CEFB /* Debug */,
				A79A2E632972069E00C1CEFB /* Release */,
			);
			defaultConfigurationIsVisible = 0;
			defaultConfigurationName = Release;
		};
/* End XCConfigurationList section */
	};
	rootObject = A79A2E4B2972069C00C1CEFB /* Project object */;
}
